{
  "object": {
    "pins": [
      {
        "package": "base45-swift",
        "repositoryURL": "https://github.com/ehn-digital-green-development/base45-swift",
        "state": {
          "branch": "main",
          "revision": "db4ccbe535b91d780a08997708c6abf189e98661",
          "version": null
        }
      },
      {
        "package": "CovidCertificateSDK",
        "repositoryURL": "https://github.com/admin-ch/CovidCertificate-SDK-iOS",
        "state": {
          "branch": "main",
          "revision": "e222450a6f497b3a22a3fc78c3a0588ee011658f",
          "version": null
        }
      },
      {
        "package": "Gzip",
        "repositoryURL": "https://github.com/1024jp/GzipSwift",
        "state": {
          "branch": null,
          "revision": "ba0b6cb51cc6202f896e469b87d2889a46b10d1b",
          "version": "5.1.1"
        }
      },
      {
        "package": "SnapKit",
        "repositoryURL": "https://github.com/SnapKit/SnapKit",
        "state": {
          "branch": null,
          "revision": "d458564516e5676af9c70b4f4b2a9178294f1bc6",
          "version": "5.0.1"
        }
      },
      {
        "package": "SwiftCBOR",
        "repositoryURL": "https://github.com/eu-digital-green-certificates/SwiftCBOR",
        "state": {
          "branch": "master",
          "revision": "b76024995f6909e4615f943c7a03268fd29778fc",
          "version": null
        }
      }
    ]
  },
  "version": 1
}
