{
  "object": {
    "pins": [
      {
        "package": "base45-swift",
        "repositoryURL": "https://github.com/ehn-digital-green-development/base45-swift",
        "state": {
          "branch": null,
          "revision": "b2fd6c1ff48f6ea1d2877368afd326700427f261",
          "version": "1.0.1"
        }
      },
      {
        "package": "Cryptor",
        "repositoryURL": "https://github.com/Kitura/BlueCryptor.git",
        "state": {
          "branch": null,
          "revision": "ee5880e031da4c609f372cf7472476ab51d5dd19",
          "version": "1.0.200"
        }
      },
      {
        "package": "CryptorECC",
        "repositoryURL": "https://github.com/Kitura/BlueECC.git",
        "state": {
          "branch": null,
          "revision": "baf6ed3fc1a622675f0041b4aff7c02dd1a93818",
          "version": "1.2.200"
        }
      },
      {
        "package": "CryptorRSA",
        "repositoryURL": "https://github.com/Kitura/BlueRSA.git",
        "state": {
          "branch": null,
          "revision": "440f78db26d8bb073f29590f1c7bd31004da09ae",
          "version": "1.0.201"
        }
      },
      {
        "package": "CovidCertificateSDK",
        "repositoryURL": "https://github.com/admin-ch/CovidCertificate-SDK-iOS",
        "state": {
          "branch": "feature/timeshift-detection",
          "revision": "4be8ddba5e0d2632d9bc14bf912f285af83fe353",
          "version": null
        }
      },
      {
        "package": "Gzip",
        "repositoryURL": "https://github.com/1024jp/GzipSwift",
        "state": {
          "branch": null,
          "revision": "ba0b6cb51cc6202f896e469b87d2889a46b10d1b",
          "version": "5.1.1"
        }
      },
      {
        "package": "jsonlogic",
        "repositoryURL": "https://github.com/eu-digital-green-certificates/json-logic-swift",
        "state": {
          "branch": null,
          "revision": "e59a317e03491abe1f04c87b965a52abae243ddd",
          "version": "1.1.8"
        }
      },
      {
        "package": "KituraContracts",
        "repositoryURL": "https://github.com/Kitura/KituraContracts.git",
        "state": {
          "branch": null,
          "revision": "8418006e39e2efae9b31ae92721cb597ac29c617",
          "version": "1.2.200"
        }
      },
      {
        "package": "LoggerAPI",
        "repositoryURL": "https://github.com/Kitura/LoggerAPI.git",
        "state": {
          "branch": null,
          "revision": "e82d34eab3f0b05391082b11ea07d3b70d2f65bb",
          "version": "1.9.200"
        }
      },
      {
        "package": "SnapKit",
        "repositoryURL": "https://github.com/SnapKit/SnapKit",
        "state": {
          "branch": null,
          "revision": "d458564516e5676af9c70b4f4b2a9178294f1bc6",
          "version": "5.0.1"
        }
      },
      {
        "package": "SwiftJWT",
        "repositoryURL": "https://github.com/Kitura/Swift-JWT.git",
        "state": {
          "branch": null,
          "revision": "2f2fc12ae88660e0760b04d9e6c341517b31ad7b",
          "version": "3.6.200"
        }
      },
      {
        "package": "swift-log",
        "repositoryURL": "https://github.com/apple/swift-log.git",
        "state": {
          "branch": null,
          "revision": "5d66f7ba25daf4f94100e7022febf3c75e37a6c7",
          "version": "1.4.2"
        }
      },
      {
        "package": "SwiftCBOR",
        "repositoryURL": "https://github.com/eu-digital-green-certificates/SwiftCBOR",
        "state": {
          "branch": null,
          "revision": "0209a2d1a30b1b42334c4ad3f8bd221b977b2273",
          "version": "0.4.4"
        }
      }
    ]
  },
  "version": 1
}
